
Microsoft Visual Studio Solution File, Format Version 12.00
# Visual Studio Version 16
VisualStudioVersion = 25.0.1705.1
MinimumVisualStudioVersion = 10.0.40219.1
Project("{FAE04EC0-301F-11D3-BF4B-00C04F79EFBC}") = "HelloASPLecture", "HelloASPLecture\HelloASPLecture.csproj", "{AD74AC34-D073-459D-89C4-88D11650F102}"
EndProject
Global
	GlobalSection(SolutionConfigurationPlatforms) = preSolution
		Debug|Any CPU = Debug|Any CPU
		Release|Any CPU = Release|Any CPU
	EndGlobalSection
	GlobalSection(ProjectConfigurationPlatforms) = postSolution
		{AD74AC34-D073-459D-89C4-88D11650F102}.Debug|Any CPU.ActiveCfg = Debug|Any CPU
		{AD74AC34-D073-459D-89C4-88D11650F102}.Debug|Any CPU.Build.0 = Debug|Any CPU
		{AD74AC34-D073-459D-89C4-88D11650F102}.Release|Any CPU.ActiveCfg = Release|Any CPU
		{AD74AC34-D073-459D-89C4-88D11650F102}.Release|Any CPU.Build.0 = Release|Any CPU
	EndGlobalSection
	GlobalSection(SolutionProperties) = preSolution
		HideSolutionNode = FALSE
	EndGlobalSection
	GlobalSection(ExtensibilityGlobals) = postSolution
		SolutionGuid = {15D9165E-8473-45C4-B15F-66DA138E6D3F}
	EndGlobalSection
EndGlobal
